# generated by rye
# use `rye lock` or `rye sync` to update this lockfile
#
# last locked with the following flags:
#   pre: false
#   features: []
#   all-features: false
#   with-sources: false
#   generate-hashes: false
#   universal: false

-e file:.
beets==2.11.0
    # via beets-soundcloud
certifi==2026.5.20
    # via requests
charset-normalizer==3.4.7
    # via requests
confuse==2.2.0
    # via beets
    # via beets-soundcloud
filetype==1.2.0
    # via mediafile
idna==3.18
    # via requests
jellyfish==1.2.1
    # via beets
lap==0.5.13
    # via beets
llvmlite==0.47.0
    # via numba
mediafile==0.17.0
    # via beets
mutagen==1.47.0
    # via mediafile
numba==0.65.1
    # via beets
numpy==2.4.6
    # via beets
    # via lap
    # via numba
    # via scipy
packaging==26.2
    # via beets
platformdirs==4.10.0
    # via beets
pyrate-limiter==4.2.0
    # via requests-ratelimiter
pyyaml==6.0.3
    # via beets
    # via confuse
requests==2.34.2
    # via beets-soundcloud
    # via requests-ratelimiter
requests-ratelimiter==0.10.0
    # via beets
scipy==1.17.1
    # via beets
typing-extensions==4.15.0
    # via beets
unidecode==1.4.0
    # via beets
urllib3==2.7.0
    # via requests
